// !$*UTF8*$!
{
	archiveVersion = 1;
	classes = {
	};
	objectVersion = 110;
	objects = {

/* Begin PBXBuildFile section */
		6E6C45953064791600FFDE50 /* WidgetKit.framework in Frameworks */ = {isa = PBXBuildFile; fileRef = 6E6C45943064791600FFDE50 /* WidgetKit.framework */; };
		6E6C45973064791600FFDE50 /* SwiftUI.framework in Frameworks */ = {isa = PBXBuildFile; fileRef = 6E6C45963064791600FFDE50 /* SwiftUI.framework */; };
		6E6C45A83064791700FFDE50 /* DevoteWidgetExtension.appex in Embed Foundation Extensions */ = {isa = PBXBuildFile; fileRef = 6E6C45923064791600FFDE50 /* DevoteWidgetExtension.appex */; settings = {ATTRIBUTES = (RemoveHeadersOnCopy, ); }; };
/* End PBXBuildFile section */

/* Begin PBXContainerItemProxy section */
		6E6C454D3062165000FFDE50 /* PBXContainerItemProxy */ = {
			isa = PBXContainerItemProxy;
			containerPortal = 6E6C45303062164F00FFDE50 /* Project object */;
			proxyType = 1;
			remoteGlobalIDString = 6E6C45373062164F00FFDE50;
			remoteInfo = Devote;
		};
		6E6C45573062165000FFDE50 /* PBXContainerItemProxy */ = {
			isa = PBXContainerItemProxy;
			containerPortal = 6E6C45303062164F00FFDE50 /* Project object */;
			proxyType = 1;
			remoteGlobalIDString = 6E6C45373062164F00FFDE50;
			remoteInfo = Devote;
		};
		6E6C45A63064791700FFDE50 /* PBXContainerItemProxy */ = {
			isa = PBXContainerItemProxy;
			containerPortal = 6E6C45303062164F00FFDE50 /* Project object */;
			proxyType = 1;
			remoteGlobalIDString = 6E6C45913064791600FFDE50;
			remoteInfo = DevoteWidgetExtension;
		};
/* End PBXContainerItemProxy section */

/* Begin PBXCopyFilesBuildPhase section */
		6E6C45AD3064791700FFDE50 /* Embed Foundation Extensions */ = {
			isa = PBXCopyFilesBuildPhase;
			dstPath = "";
			dstSubfolder = PlugIns;
			files = (
				6E6C45A83064791700FFDE50 /* DevoteWidgetExtension.appex in Embed Foundation Extensions */,
			);
			name = "Embed Foundation Extensions";
		};
/* End PBXCopyFilesBuildPhase section */

/* Begin PBXFileReference section */
		6E6C45383062164F00FFDE50 /* Devote.app */ = {isa = PBXFileReference; explicitFileType = wrapper.application; includeInIndex = 0; path = Devote.app; sourceTree = BUILT_PRODUCTS_DIR; };
		6E6C454C3062165000FFDE50 /* DevoteTests.xctest */ = {isa = PBXFileReference; explicitFileType = wrapper.cfbundle; includeInIndex = 0; path = DevoteTests.xctest; sourceTree = BUILT_PRODUCTS_DIR; };
		6E6C45563062165000FFDE50 /* DevoteUITests.xctest */ = {isa = PBXFileReference; explicitFileType = wrapper.cfbundle; includeInIndex = 0; path = DevoteUITests.xctest; sourceTree = BUILT_PRODUCTS_DIR; };
		6E6C45923064791600FFDE50 /* DevoteWidgetExtension.appex */ = {isa = PBXFileReference; explicitFileType = "wrapper.app-extension"; includeInIndex = 0; path = DevoteWidgetExtension.appex; sourceTree = BUILT_PRODUCTS_DIR; };
		6E6C45943064791600FFDE50 /* WidgetKit.framework */ = {isa = PBXFileReference; lastKnownFileType = wrapper.framework; name = WidgetKit.framework; path = System/Library/Frameworks/WidgetKit.framework; sourceTree = SDKROOT; };
		6E6C45963064791600FFDE50 /* SwiftUI.framework */ = {isa = PBXFileReference; lastKnownFileType = wrapper.framework; name = SwiftUI.framework; path = System/Library/Frameworks/SwiftUI.framework; sourceTree = SDKROOT; };
/* End PBXFileReference section */

/* Begin PBXFileSystemSynchronizedBuildFileExceptionSet section */
		6E6C455C3062165000FFDE50 /* Exceptions for "Devote" folder in "Devote" target */ = {
			isa = PBXFileSystemSynchronizedBuildFileExceptionSet;
			membershipExceptions = (
				Info.plist,
			);
			target = 6E6C45373062164F00FFDE50 /* Devote */;
		};
		6E6C45AC3064791700FFDE50 /* Exceptions for "DevoteWidget" folder in "DevoteWidgetExtension" target */ = {
			isa = PBXFileSystemSynchronizedBuildFileExceptionSet;
			membershipExceptions = (
				Info.plist,
			);
			target = 6E6C45913064791600FFDE50 /* DevoteWidgetExtension */;
		};
		6E6C45AF30647FC300FFDE50 /* Exceptions for "Devote" folder in "DevoteWidgetExtension" target */ = {
			isa = PBXFileSystemSynchronizedBuildFileExceptionSet;
			membershipExceptions = (
				Utility/Constant.swift,
			);
			target = 6E6C45913064791600FFDE50 /* DevoteWidgetExtension */;
		};
/* End PBXFileSystemSynchronizedBuildFileExceptionSet section */

/* Begin PBXFileSystemSynchronizedRootGroup section */
		6E6C453A3062164F00FFDE50 /* Devote */ = {
			isa = PBXFileSystemSynchronizedRootGroup;
			exceptions = (
				6E6C455C3062165000FFDE50 /* Exceptions for "Devote" folder in "Devote" target */,
				6E6C45AF30647FC300FFDE50 /* Exceptions for "Devote" folder in "DevoteWidgetExtension" target */,
			);
			path = Devote;
			sourceTree = "<group>";
		};
		6E6C45983064791600FFDE50 /* DevoteWidget */ = {
			isa = PBXFileSystemSynchronizedRootGroup;
			exceptions = (
				6E6C45AC3064791700FFDE50 /* Exceptions for "DevoteWidget" folder in "DevoteWidgetExtension" target */,
			);
			path = DevoteWidget;
			sourceTree = "<group>";
		};
/* End PBXFileSystemSynchronizedRootGroup section */

/* Begin PBXFrameworksBuildPhase section */
		6E6C45353062164F00FFDE50 /* Frameworks */ = {
			isa = PBXFrameworksBuildPhase;
			files = (
			);
		};
		6E6C45493062165000FFDE50 /* Frameworks */ = {
			isa = PBXFrameworksBuildPhase;
			files = (
			);
		};
		6E6C45533062165000FFDE50 /* Frameworks */ = {
			isa = PBXFrameworksBuildPhase;
			files = (
			);
		};
		6E6C458F3064791600FFDE50 /* Frameworks */ = {
			isa = PBXFrameworksBuildPhase;
			files = (
				6E6C45973064791600FFDE50 /* SwiftUI.framework in Frameworks */,
				6E6C45953064791600FFDE50 /* WidgetKit.framework in Frameworks */,
			);
		};
/* End PBXFrameworksBuildPhase section */

/* Begin PBXGroup section */
		6E6C452F3062164F00FFDE50 = {
			isa = PBXGroup;
			children = (
				6E6C453A3062164F00FFDE50 /* Devote */,
				6E6C45983064791600FFDE50 /* DevoteWidget */,
				6E6C45933064791600FFDE50 /* Frameworks */,
				6E6C45393062164F00FFDE50 /* Products */,
			);
			sourceTree = "<group>";
		};
		6E6C45393062164F00FFDE50 /* Products */ = {
			isa = PBXGroup;
			children = (
				6E6C45383062164F00FFDE50 /* Devote.app */,
				6E6C454C3062165000FFDE50 /* DevoteTests.xctest */,
				6E6C45563062165000FFDE50 /* DevoteUITests.xctest */,
				6E6C45923064791600FFDE50 /* DevoteWidgetExtension.appex */,
			);
			name = Products;
			sourceTree = "<group>";
		};
		6E6C45933064791600FFDE50 /* Frameworks */ = {
			isa = PBXGroup;
			children = (
				6E6C45943064791600FFDE50 /* WidgetKit.framework */,
				6E6C45963064791600FFDE50 /* SwiftUI.framework */,
			);
			name = Frameworks;
			sourceTree = "<group>";
		};
/* End PBXGroup section */

/* Begin PBXNativeTarget section */
		6E6C45373062164F00FFDE50 /* Devote */ = {
			isa = PBXNativeTarget;
			buildConfigurationList = 6E6C455D3062165000FFDE50 /* Build configuration list for PBXNativeTarget "Devote" */;
			buildPhases = (
				6E6C45343062164F00FFDE50 /* Sources */,
				6E6C45353062164F00FFDE50 /* Frameworks */,
				6E6C45363062164F00FFDE50 /* Resources */,
				6E6C45AD3064791700FFDE50 /* Embed Foundation Extensions */,
			);
			buildRules = (
			);
			dependencies = (
				6E6C45A73064791700FFDE50 /* PBXTargetDependency */,
			);
			fileSystemSynchronizedGroups = (
				6E6C453A3062164F00FFDE50 /* Devote */,
			);
			name = Devote;
			productName = Devote;
			productReference = 6E6C45383062164F00FFDE50 /* Devote.app */;
			productType = "com.apple.product-type.application";
		};
		6E6C454B3062165000FFDE50 /* DevoteTests */ = {
			isa = PBXNativeTarget;
			buildConfigurationList = 6E6C45623062165000FFDE50 /* Build configuration list for PBXNativeTarget "DevoteTests" */;
			buildPhases = (
				6E6C45483062165000FFDE50 /* Sources */,
				6E6C45493062165000FFDE50 /* Frameworks */,
				6E6C454A3062165000FFDE50 /* Resources */,
			);
			buildRules = (
			);
			dependencies = (
				6E6C454E3062165000FFDE50 /* PBXTargetDependency */,
			);
			name = DevoteTests;
			productName = DevoteTests;
			productReference = 6E6C454C3062165000FFDE50 /* DevoteTests.xctest */;
			productType = "com.apple.product-type.bundle.unit-test";
		};
		6E6C45553062165000FFDE50 /* DevoteUITests */ = {
			isa = PBXNativeTarget;
			buildConfigurationList = 6E6C45653062165000FFDE50 /* Build configuration list for PBXNativeTarget "DevoteUITests" */;
			buildPhases = (
				6E6C45523062165000FFDE50 /* Sources */,
				6E6C45533062165000FFDE50 /* Frameworks */,
				6E6C45543062165000FFDE50 /* Resources */,
			);
			buildRules = (
			);
			dependencies = (
				6E6C45583062165000FFDE50 /* PBXTargetDependency */,
			);
			name = DevoteUITests;
			productName = DevoteUITests;
			productReference = 6E6C45563062165000FFDE50 /* DevoteUITests.xctest */;
			productType = "com.apple.product-type.bundle.ui-testing";
		};
		6E6C45913064791600FFDE50 /* DevoteWidgetExtension */ = {
			isa = PBXNativeTarget;
			buildConfigurationList = 6E6C45A93064791700FFDE50 /* Build configuration list for PBXNativeTarget "DevoteWidgetExtension" */;
			buildPhases = (
				6E6C458E3064791600FFDE50 /* Sources */,
				6E6C458F3064791600FFDE50 /* Frameworks */,
				6E6C45903064791600FFDE50 /* Resources */,
			);
			buildRules = (
			);
			fileSystemSynchronizedGroups = (
				6E6C45983064791600FFDE50 /* DevoteWidget */,
			);
			name = DevoteWidgetExtension;
			productName = DevoteWidgetExtension;
			productReference = 6E6C45923064791600FFDE50 /* DevoteWidgetExtension.appex */;
			productType = "com.apple.product-type.app-extension";
		};
/* End PBXNativeTarget section */

/* Begin PBXProject section */
		6E6C45303062164F00FFDE50 /* Project object */ = {
			isa = PBXProject;
			attributes = {
				BuildIndependentTargetsInParallel = 1;
				LastSwiftUpdateCheck = 2700;
				LastUpgradeCheck = 2700;
				TargetAttributes = {
					6E6C45373062164F00FFDE50 = {
						CreatedOnToolsVersion = 27.0;
					};
					6E6C454B3062165000FFDE50 = {
						CreatedOnToolsVersion = 27.0;
						TestTargetID = 6E6C45373062164F00FFDE50;
					};
					6E6C45553062165000FFDE50 = {
						CreatedOnToolsVersion = 27.0;
						TestTargetID = 6E6C45373062164F00FFDE50;
					};
					6E6C45913064791600FFDE50 = {
						CreatedOnToolsVersion = 27.0;
					};
				};
			};
			buildConfigurationList = 6E6C45333062164F00FFDE50 /* Build configuration list for PBXProject "Devote" */;
			developmentRegion = en;
			hasScannedForEncodings = 0;
			knownRegions = (
				en,
				Base,
			);
			mainGroup = 6E6C452F3062164F00FFDE50;
			minimizedProjectReferenceProxies = 1;
			preferredProjectObjectVersion = 77;
			productRefGroup = 6E6C45393062164F00FFDE50 /* Products */;
			projectDirPath = "";
			projectRoot = "";
			targets = (
				6E6C45373062164F00FFDE50 /* Devote */,
				6E6C454B3062165000FFDE50 /* DevoteTests */,
				6E6C45553062165000FFDE50 /* DevoteUITests */,
				6E6C45913064791600FFDE50 /* DevoteWidgetExtension */,
			);
		};
/* End PBXProject section */

/* Begin PBXResourcesBuildPhase section */
		6E6C45363062164F00FFDE50 /* Resources */ = {
			isa = PBXResourcesBuildPhase;
			files = (
			);
		};
		6E6C454A3062165000FFDE50 /* Resources */ = {
			isa = PBXResourcesBuildPhase;
			files = (
			);
		};
		6E6C45543062165000FFDE50 /* Resources */ = {
			isa = PBXResourcesBuildPhase;
			files = (
			);
		};
		6E6C45903064791600FFDE50 /* Resources */ = {
			isa = PBXResourcesBuildPhase;
			files = (
			);
		};
/* End PBXResourcesBuildPhase section */

/* Begin PBXSourcesBuildPhase section */
		6E6C45343062164F00FFDE50 /* Sources */ = {
			isa = PBXSourcesBuildPhase;
			files = (
			);
		};
		6E6C45483062165000FFDE50 /* Sources */ = {
			isa = PBXSourcesBuildPhase;
			files = (
			);
		};
		6E6C45523062165000FFDE50 /* Sources */ = {
			isa = PBXSourcesBuildPhase;
			files = (
			);
		};
		6E6C458E3064791600FFDE50 /* Sources */ = {
			isa = PBXSourcesBuildPhase;
			files = (
			);
		};
/* End PBXSourcesBuildPhase section */

/* Begin PBXTargetDependency section */
		6E6C454E3062165000FFDE50 /* PBXTargetDependency */ = {
			isa = PBXTargetDependency;
			target = 6E6C45373062164F00FFDE50 /* Devote */;
			targetProxy = 6E6C454D3062165000FFDE50 /* PBXContainerItemProxy */;
		};
		6E6C45583062165000FFDE50 /* PBXTargetDependency */ = {
			isa = PBXTargetDependency;
			target = 6E6C45373062164F00FFDE50 /* Devote */;
			targetProxy = 6E6C45573062165000FFDE50 /* PBXContainerItemProxy */;
		};
		6E6C45A73064791700FFDE50 /* PBXTargetDependency */ = {
			isa = PBXTargetDependency;
			target = 6E6C45913064791600FFDE50 /* DevoteWidgetExtension */;
			targetProxy = 6E6C45A63064791700FFDE50 /* PBXContainerItemProxy */;
		};
/* End PBXTargetDependency section */

/* Begin XCBuildConfiguration section */
		6E6C455E3062165000FFDE50 /* Debug configuration for PBXNativeTarget "Devote" */ = {
			isa = XCBuildConfiguration;
			buildSettings = {
				ASSETCATALOG_COMPILER_APPICON_NAME = AppIcon;
				ASSETCATALOG_COMPILER_GLOBAL_ACCENT_COLOR_NAME = AccentColor;
				CODE_SIGN_ENTITLEMENTS = Devote/Devote.entitlements;
				CODE_SIGN_STYLE = Automatic;
				CURRENT_PROJECT_VERSION = 1;
				DEVELOPMENT_TEAM = 6SUBFF63Z6;
				ENABLE_PREVIEWS = YES;
				GENERATE_INFOPLIST_FILE = YES;
				INFOPLIST_FILE = Devote/Info.plist;
				INFOPLIST_KEY_UIApplicationSceneManifest_Generation = YES;
				INFOPLIST_KEY_UIApplicationSupportsIndirectInputEvents = YES;
				INFOPLIST_KEY_UISupportedInterfaceOrientations = UIInterfaceOrientationPortrait;
				LD_RUNPATH_SEARCH_PATHS = (
					"$(inherited)",
					"@executable_path/Frameworks",
				);
				MARKETING_VERSION = 1.0;
				PRODUCT_BUNDLE_IDENTIFIER = com.iamdavidonuche.Devote;
				PRODUCT_NAME = "$(TARGET_NAME)";
				STRING_CATALOG_GENERATE_SYMBOLS = YES;
				SWIFT_APPROACHABLE_CONCURRENCY = YES;
				SWIFT_DEFAULT_ACTOR_ISOLATION = MainActor;
				SWIFT_EMIT_LOC_STRINGS = YES;
				SWIFT_UPCOMING_FEATURE_MEMBER_IMPORT_VISIBILITY = YES;
				SWIFT_VERSION = 5.0;
				TARGETED_DEVICE_FAMILY = "1,2";
			};
			name = Debug;
		};
		6E6C455F3062165000FFDE50 /* Release configuration for PBXNativeTarget "Devote" */ = {
			isa = XCBuildConfiguration;
			buildSettings = {
				ASSETCATALOG_COMPILER_APPICON_NAME = AppIcon;
				ASSETCATALOG_COMPILER_GLOBAL_ACCENT_COLOR_NAME = AccentColor;
				CODE_SIGN_ENTITLEMENTS = Devote/Devote.entitlements;
				CODE_SIGN_STYLE = Automatic;
				CURRENT_PROJECT_VERSION = 1;
				DEVELOPMENT_TEAM = 6SUBFF63Z6;
				ENABLE_PREVIEWS = YES;
				GENERATE_INFOPLIST_FILE = YES;
				INFOPLIST_FILE = Devote/Info.plist;
				INFOPLIST_KEY_UIApplicationSceneManifest_Generation = YES;
				INFOPLIST_KEY_UIApplicationSupportsIndirectInputEvents = YES;
				INFOPLIST_KEY_UISupportedInterfaceOrientations = UIInterfaceOrientationPortrait;
				LD_RUNPATH_SEARCH_PATHS = (
					"$(inherited)",
					"@executable_path/Frameworks",
				);
				MARKETING_VERSION = 1.0;
				PRODUCT_BUNDLE_IDENTIFIER = com.iamdavidonuche.Devote;
				PRODUCT_NAME = "$(TARGET_NAME)";
				STRING_CATALOG_GENERATE_SYMBOLS = YES;
				SWIFT_APPROACHABLE_CONCURRENCY = YES;
				SWIFT_DEFAULT_ACTOR_ISOLATION = MainActor;
				SWIFT_EMIT_LOC_STRINGS = YES;
				SWIFT_UPCOMING_FEATURE_MEMBER_IMPORT_VISIBILITY = YES;
				SWIFT_VERSION = 5.0;
				TARGETED_DEVICE_FAMILY = "1,2";
			};
			name = Release;
		};
		6E6C45603062165000FFDE50 /* Debug configuration for PBXProject "Devote" */ = {
			isa = XCBuildConfiguration;
			buildSettings = {
				ALWAYS_SEARCH_USER_PATHS = NO;
				ASSETCATALOG_COMPILER_GENERATE_SWIFT_ASSET_SYMBOL_EXTENSIONS = YES;
				CLANG_ANALYZER_NONNULL = YES;
				CLANG_ANALYZER_NUMBER_OBJECT_CONVERSION = YES_AGGRESSIVE;
				CLANG_CXX_LANGUAGE_STANDARD = "gnu++20";
				CLANG_ENABLE_MODULES = YES;
				CLANG_ENABLE_OBJC_ARC = YES;
				CLANG_ENABLE_OBJC_WEAK = YES;
				CLANG_WARN_BLOCK_CAPTURE_AUTORELEASING = YES;
				CLANG_WARN_BOOL_CONVERSION = YES;
				CLANG_WARN_COMMA = YES;
				CLANG_WARN_CONSTANT_CONVERSION = YES;
				CLANG_WARN_DEPRECATED_OBJC_IMPLEMENTATIONS = YES;
				CLANG_WARN_DIRECT_OBJC_ISA_USAGE = YES_ERROR;
				CLANG_WARN_DOCUMENTATION_COMMENTS = YES;
				CLANG_WARN_EMPTY_BODY = YES;
				CLANG_WARN_ENUM_CONVERSION = YES;
				CLANG_WARN_INFINITE_RECURSION = YES;
				CLANG_WARN_INT_CONVERSION = YES;
				CLANG_WARN_NON_LITERAL_NULL_CONVERSION = YES;
				CLANG_WARN_OBJC_IMPLICIT_RETAIN_SELF = YES;
				CLANG_WARN_OBJC_LITERAL_CONVERSION = YES;
				CLANG_WARN_OBJC_ROOT_CLASS = YES_ERROR;
				CLANG_WARN_QUOTED_INCLUDE_IN_FRAMEWORK_HEADER = YES;
				CLANG_WARN_RANGE_LOOP_ANALYSIS = YES;
				CLANG_WARN_STRICT_PROTOTYPES = YES;
				CLANG_WARN_SUSPICIOUS_MOVE = YES;
				CLANG_WARN_UNGUARDED_AVAILABILITY = YES_AGGRESSIVE;
				CLANG_WARN_UNREACHABLE_CODE = YES;
				CLANG_WARN__DUPLICATE_METHOD_MATCH = YES;
				COPY_PHASE_STRIP = NO;
				DEBUG_INFORMATION_FORMAT = dwarf;
				DEVELOPMENT_TEAM = 6SUBFF63Z6;
				ENABLE_STRICT_OBJC_MSGSEND = YES;
				ENABLE_TESTABILITY = YES;
				ENABLE_USER_SCRIPT_SANDBOXING = YES;
				GCC_C_LANGUAGE_STANDARD = gnu17;
				GCC_DYNAMIC_NO_PIC = NO;
				GCC_NO_COMMON_BLOCKS = YES;
				GCC_OPTIMIZATION_LEVEL = 0;
				GCC_PREPROCESSOR_DEFINITIONS = (
					"DEBUG=1",
					"$(inherited)",
				);
				GCC_WARN_64_TO_32_BIT_CONVERSION = YES;
				GCC_WARN_ABOUT_RETURN_TYPE = YES_ERROR;
				GCC_WARN_UNDECLARED_SELECTOR = YES;
				GCC_WARN_UNINITIALIZED_AUTOS = YES_AGGRESSIVE;
				GCC_WARN_UNUSED_FUNCTION = YES;
				GCC_WARN_UNUSED_VARIABLE = YES;
				IPHONEOS_DEPLOYMENT_TARGET = 27.0;
				LOCALIZATION_PREFERS_STRING_CATALOGS = YES;
				MTL_ENABLE_DEBUG_INFO = INCLUDE_SOURCE;
				MTL_FAST_MATH = YES;
				ONLY_ACTIVE_ARCH = YES;
				SDKROOT = iphoneos;
				SWIFT_ACTIVE_COMPILATION_CONDITIONS = "DEBUG $(inherited)";
				SWIFT_OPTIMIZATION_LEVEL = "-Onone";
			};
			name = Debug;
		};
		6E6C45613062165000FFDE50 /* Release configuration for PBXProject "Devote" */ = {
			isa = XCBuildConfiguration;
			buildSettings = {
				ALWAYS_SEARCH_USER_PATHS = NO;
				ASSETCATALOG_COMPILER_GENERATE_SWIFT_ASSET_SYMBOL_EXTENSIONS = YES;
				CLANG_ANALYZER_NONNULL = YES;
				CLANG_ANALYZER_NUMBER_OBJECT_CONVERSION = YES_AGGRESSIVE;
				CLANG_CXX_LANGUAGE_STANDARD = "gnu++20";
				CLANG_ENABLE_MODULES = YES;
				CLANG_ENABLE_OBJC_ARC = YES;
				CLANG_ENABLE_OBJC_WEAK = YES;
				CLANG_WARN_BLOCK_CAPTURE_AUTORELEASING = YES;
				CLANG_WARN_BOOL_CONVERSION = YES;
				CLANG_WARN_COMMA = YES;
				CLANG_WARN_CONSTANT_CONVERSION = YES;
				CLANG_WARN_DEPRECATED_OBJC_IMPLEMENTATIONS = YES;
				CLANG_WARN_DIRECT_OBJC_ISA_USAGE = YES_ERROR;
				CLANG_WARN_DOCUMENTATION_COMMENTS = YES;
				CLANG_WARN_EMPTY_BODY = YES;
				CLANG_WARN_ENUM_CONVERSION = YES;
				CLANG_WARN_INFINITE_RECURSION = YES;
				CLANG_WARN_INT_CONVERSION = YES;
				CLANG_WARN_NON_LITERAL_NULL_CONVERSION = YES;
				CLANG_WARN_OBJC_IMPLICIT_RETAIN_SELF = YES;
				CLANG_WARN_OBJC_LITERAL_CONVERSION = YES;
				CLANG_WARN_OBJC_ROOT_CLASS = YES_ERROR;
				CLANG_WARN_QUOTED_INCLUDE_IN_FRAMEWORK_HEADER = YES;
				CLANG_WARN_RANGE_LOOP_ANALYSIS = YES;
				CLANG_WARN_STRICT_PROTOTYPES = YES;
				CLANG_WARN_SUSPICIOUS_MOVE = YES;
				CLANG_WARN_UNGUARDED_AVAILABILITY = YES_AGGRESSIVE;
				CLANG_WARN_UNREACHABLE_CODE = YES;
				CLANG_WARN__DUPLICATE_METHOD_MATCH = YES;
				COPY_PHASE_STRIP = NO;
				DEBUG_INFORMATION_FORMAT = "dwarf-with-dsym";
				DEVELOPMENT_TEAM = 6SUBFF63Z6;
				ENABLE_NS_ASSERTIONS = NO;
				ENABLE_STRICT_OBJC_MSGSEND = YES;
				ENABLE_USER_SCRIPT_SANDBOXING = YES;
				GCC_C_LANGUAGE_STANDARD = gnu17;
				GCC_NO_COMMON_BLOCKS = YES;
				GCC_WARN_64_TO_32_BIT_CONVERSION = YES;
				GCC_WARN_ABOUT_RETURN_TYPE = YES_ERROR;
				GCC_WARN_UNDECLARED_SELECTOR = YES;
				GCC_WARN_UNINITIALIZED_AUTOS = YES_AGGRESSIVE;
				GCC_WARN_UNUSED_FUNCTION = YES;
				GCC_WARN_UNUSED_VARIABLE = YES;
				IPHONEOS_DEPLOYMENT_TARGET = 27.0;
				LOCALIZATION_PREFERS_STRING_CATALOGS = YES;
				MTL_ENABLE_DEBUG_INFO = NO;
				MTL_FAST_MATH = YES;
				SDKROOT = iphoneos;
				SWIFT_COMPILATION_MODE = wholemodule;
				VALIDATE_PRODUCT = YES;
			};
			name = Release;
		};
		6E6C45633062165000FFDE50 /* Debug configuration for PBXNativeTarget "DevoteTests" */ = {
			isa = XCBuildConfiguration;
			buildSettings = {
				BUNDLE_LOADER = "$(TEST_HOST)";
				CODE_SIGN_STYLE = Automatic;
				CURRENT_PROJECT_VERSION = 1;
				DEVELOPMENT_TEAM = 6SUBFF63Z6;
				GENERATE_INFOPLIST_FILE = YES;
				IPHONEOS_DEPLOYMENT_TARGET = 27.0;
				MARKETING_VERSION = 1.0;
				PRODUCT_BUNDLE_IDENTIFIER = com.iamdavidonuche.DevoteTests;
				PRODUCT_NAME = "$(TARGET_NAME)";
				STRING_CATALOG_GENERATE_SYMBOLS = NO;
				SWIFT_APPROACHABLE_CONCURRENCY = YES;
				SWIFT_EMIT_LOC_STRINGS = NO;
				SWIFT_UPCOMING_FEATURE_MEMBER_IMPORT_VISIBILITY = YES;
				SWIFT_VERSION = 5.0;
				TARGETED_DEVICE_FAMILY = "1,2";
				TEST_HOST = "$(BUILT_PRODUCTS_DIR)/Devote.app/$(BUNDLE_EXECUTABLE_FOLDER_PATH)/Devote";
			};
			name = Debug;
		};
		6E6C45643062165000FFDE50 /* Release configuration for PBXNativeTarget "DevoteTests" */ = {
			isa = XCBuildConfiguration;
			buildSettings = {
				BUNDLE_LOADER = "$(TEST_HOST)";
				CODE_SIGN_STYLE = Automatic;
				CURRENT_PROJECT_VERSION = 1;
				DEVELOPMENT_TEAM = 6SUBFF63Z6;
				GENERATE_INFOPLIST_FILE = YES;
				IPHONEOS_DEPLOYMENT_TARGET = 27.0;
				MARKETING_VERSION = 1.0;
				PRODUCT_BUNDLE_IDENTIFIER = com.iamdavidonuche.DevoteTests;
				PRODUCT_NAME = "$(TARGET_NAME)";
				STRING_CATALOG_GENERATE_SYMBOLS = NO;
				SWIFT_APPROACHABLE_CONCURRENCY = YES;
				SWIFT_EMIT_LOC_STRINGS = NO;
				SWIFT_UPCOMING_FEATURE_MEMBER_IMPORT_VISIBILITY = YES;
				SWIFT_VERSION = 5.0;
				TARGETED_DEVICE_FAMILY = "1,2";
				TEST_HOST = "$(BUILT_PRODUCTS_DIR)/Devote.app/$(BUNDLE_EXECUTABLE_FOLDER_PATH)/Devote";
			};
			name = Release;
		};
		6E6C45663062165000FFDE50 /* Debug configuration for PBXNativeTarget "DevoteUITests" */ = {
			isa = XCBuildConfiguration;
			buildSettings = {
				CODE_SIGN_STYLE = Automatic;
				CURRENT_PROJECT_VERSION = 1;
				DEVELOPMENT_TEAM = 6SUBFF63Z6;
				GENERATE_INFOPLIST_FILE = YES;
				MARKETING_VERSION = 1.0;
				PRODUCT_BUNDLE_IDENTIFIER = com.iamdavidonuche.DevoteUITests;
				PRODUCT_NAME = "$(TARGET_NAME)";
				STRING_CATALOG_GENERATE_SYMBOLS = NO;
				SWIFT_APPROACHABLE_CONCURRENCY = YES;
				SWIFT_EMIT_LOC_STRINGS = NO;
				SWIFT_UPCOMING_FEATURE_MEMBER_IMPORT_VISIBILITY = YES;
				SWIFT_VERSION = 5.0;
				TARGETED_DEVICE_FAMILY = "1,2";
				TEST_TARGET_NAME = Devote;
			};
			name = Debug;
		};
		6E6C45673062165000FFDE50 /* Release configuration for PBXNativeTarget "DevoteUITests" */ = {
			isa = XCBuildConfiguration;
			buildSettings = {
				CODE_SIGN_STYLE = Automatic;
				CURRENT_PROJECT_VERSION = 1;
				DEVELOPMENT_TEAM = 6SUBFF63Z6;
				GENERATE_INFOPLIST_FILE = YES;
				MARKETING_VERSION = 1.0;
				PRODUCT_BUNDLE_IDENTIFIER = com.iamdavidonuche.DevoteUITests;
				PRODUCT_NAME = "$(TARGET_NAME)";
				STRING_CATALOG_GENERATE_SYMBOLS = NO;
				SWIFT_APPROACHABLE_CONCURRENCY = YES;
				SWIFT_EMIT_LOC_STRINGS = NO;
				SWIFT_UPCOMING_FEATURE_MEMBER_IMPORT_VISIBILITY = YES;
				SWIFT_VERSION = 5.0;
				TARGETED_DEVICE_FAMILY = "1,2";
				TEST_TARGET_NAME = Devote;
			};
			name = Release;
		};
		6E6C45AA3064791700FFDE50 /* Debug configuration for PBXNativeTarget "DevoteWidgetExtension" */ = {
			isa = XCBuildConfiguration;
			buildSettings = {
				ASSETCATALOG_COMPILER_GLOBAL_ACCENT_COLOR_NAME = AccentColor;
				ASSETCATALOG_COMPILER_WIDGET_BACKGROUND_COLOR_NAME = WidgetBackground;
				CODE_SIGN_STYLE = Automatic;
				CURRENT_PROJECT_VERSION = 1;
				DEVELOPMENT_TEAM = 6SUBFF63Z6;
				GENERATE_INFOPLIST_FILE = YES;
				INFOPLIST_FILE = DevoteWidget/Info.plist;
				INFOPLIST_KEY_CFBundleDisplayName = DevoteWidget;
				INFOPLIST_KEY_NSHumanReadableCopyright = "";
				LD_RUNPATH_SEARCH_PATHS = (
					"$(inherited)",
					"@executable_path/Frameworks",
					"@executable_path/../../Frameworks",
				);
				MARKETING_VERSION = 1.0;
				PRODUCT_BUNDLE_IDENTIFIER = com.iamdavidonuche.Devote.DevoteWidget;
				PRODUCT_NAME = "$(TARGET_NAME)";
				SKIP_INSTALL = YES;
				STRING_CATALOG_GENERATE_SYMBOLS = YES;
				SWIFT_APPROACHABLE_CONCURRENCY = YES;
				SWIFT_EMIT_LOC_STRINGS = YES;
				SWIFT_UPCOMING_FEATURE_MEMBER_IMPORT_VISIBILITY = YES;
				SWIFT_VERSION = 5.0;
				TARGETED_DEVICE_FAMILY = "1,2";
			};
			name = Debug;
		};
		6E6C45AB3064791700FFDE50 /* Release configuration for PBXNativeTarget "DevoteWidgetExtension" */ = {
			isa = XCBuildConfiguration;
			buildSettings = {
				ASSETCATALOG_COMPILER_GLOBAL_ACCENT_COLOR_NAME = AccentColor;
				ASSETCATALOG_COMPILER_WIDGET_BACKGROUND_COLOR_NAME = WidgetBackground;
				CODE_SIGN_STYLE = Automatic;
				CURRENT_PROJECT_VERSION = 1;
				DEVELOPMENT_TEAM = 6SUBFF63Z6;
				GENERATE_INFOPLIST_FILE = YES;
				INFOPLIST_FILE = DevoteWidget/Info.plist;
				INFOPLIST_KEY_CFBundleDisplayName = DevoteWidget;
				INFOPLIST_KEY_NSHumanReadableCopyright = "";
				LD_RUNPATH_SEARCH_PATHS = (
					"$(inherited)",
					"@executable_path/Frameworks",
					"@executable_path/../../Frameworks",
				);
				MARKETING_VERSION = 1.0;
				PRODUCT_BUNDLE_IDENTIFIER = com.iamdavidonuche.Devote.DevoteWidget;
				PRODUCT_NAME = "$(TARGET_NAME)";
				SKIP_INSTALL = YES;
				STRING_CATALOG_GENERATE_SYMBOLS = YES;
				SWIFT_APPROACHABLE_CONCURRENCY = YES;
				SWIFT_EMIT_LOC_STRINGS = YES;
				SWIFT_UPCOMING_FEATURE_MEMBER_IMPORT_VISIBILITY = YES;
				SWIFT_VERSION = 5.0;
				TARGETED_DEVICE_FAMILY = "1,2";
			};
			name = Release;
		};
/* End XCBuildConfiguration section */

/* Begin XCConfigurationList section */
		6E6C45333062164F00FFDE50 /* Build configuration list for PBXProject "Devote" */ = {
			isa = XCConfigurationList;
			buildConfigurations = (
				6E6C45603062165000FFDE50 /* Debug configuration for PBXProject "Devote" */,
				6E6C45613062165000FFDE50 /* Release configuration for PBXProject "Devote" */,
			);
			defaultConfigurationName = Release;
		};
		6E6C455D3062165000FFDE50 /* Build configuration list for PBXNativeTarget "Devote" */ = {
			isa = XCConfigurationList;
			buildConfigurations = (
				6E6C455E3062165000FFDE50 /* Debug configuration for PBXNativeTarget "Devote" */,
				6E6C455F3062165000FFDE50 /* Release configuration for PBXNativeTarget "Devote" */,
			);
			defaultConfigurationName = Release;
		};
		6E6C45623062165000FFDE50 /* Build configuration list for PBXNativeTarget "DevoteTests" */ = {
			isa = XCConfigurationList;
			buildConfigurations = (
				6E6C45633062165000FFDE50 /* Debug configuration for PBXNativeTarget "DevoteTests" */,
				6E6C45643062165000FFDE50 /* Release configuration for PBXNativeTarget "DevoteTests" */,
			);
			defaultConfigurationName = Release;
		};
		6E6C45653062165000FFDE50 /* Build configuration list for PBXNativeTarget "DevoteUITests" */ = {
			isa = XCConfigurationList;
			buildConfigurations = (
				6E6C45663062165000FFDE50 /* Debug configuration for PBXNativeTarget "DevoteUITests" */,
				6E6C45673062165000FFDE50 /* Release configuration for PBXNativeTarget "DevoteUITests" */,
			);
			defaultConfigurationName = Release;
		};
		6E6C45A93064791700FFDE50 /* Build configuration list for PBXNativeTarget "DevoteWidgetExtension" */ = {
			isa = XCConfigurationList;
			buildConfigurations = (
				6E6C45AA3064791700FFDE50 /* Debug configuration for PBXNativeTarget "DevoteWidgetExtension" */,
				6E6C45AB3064791700FFDE50 /* Release configuration for PBXNativeTarget "DevoteWidgetExtension" */,
			);
			defaultConfigurationName = Release;
		};
/* End XCConfigurationList section */
	};
	rootObject = 6E6C45303062164F00FFDE50 /* Project object */;
	validationLevel = 1;
}
